{
    "hash": "a45eae22fccf7036ee89115d74db8318",
    "packages": [
        {
            "package": "zendframework/zendframework",
            "version": "dev-master",
            "source-reference": "bf57146353f66e84a6a332c4f01fdd77c3b3b616"
        }
    ],
    "packages-dev": null,
    "aliases": [

    ]
}
